Microsoft Visual Studio Solution File, Format Version 12.00
# Visual Studio Version 17
VisualStudioVersion = 17.5.2.0
MinimumVisualStudioVersion = 10.0.40219.1
Project("{FAE04EC0-301F-11D3-BF4B-00C04F79EFBC}") = "HebrowWordleThingy", "HebrowWordleThingy.csproj", "{73AAC425-FF0F-A881-B844-15AFC47E832F}"
EndProject
Project("{FAE04EC0-301F-11D3-BF4B-00C04F79EFBC}") = "MtgDeckMngProject", "..\MtgDeckMngProject\MtgDeckMngProject.csproj", "{A41999DC-B56B-48DC-8279-29BC0F631BD7}"
EndProject
Global
	GlobalSection(SolutionConfigurationPlatforms) = preSolution
		Debug|Any CPU = Debug|Any CPU
		Release|Any CPU = Release|Any CPU
	EndGlobalSection
	GlobalSection(ProjectConfigurationPlatforms) = postSolution
		{73AAC425-FF0F-A881-B844-15AFC47E832F}.Debug|Any CPU.ActiveCfg = Debug|Any CPU
		{73AAC425-FF0F-A881-B844-15AFC47E832F}.Debug|Any CPU.Build.0 = Debug|Any CPU
		{73AAC425-FF0F-A881-B844-15AFC47E832F}.Release|Any CPU.ActiveCfg = Release|Any CPU
		{73AAC425-FF0F-A881-B844-15AFC47E832F}.Release|Any CPU.Build.0 = Release|Any CPU
		{A41999DC-B56B-48DC-8279-29BC0F631BD7}.Debug|Any CPU.ActiveCfg = Debug|Any CPU
		{A41999DC-B56B-48DC-8279-29BC0F631BD7}.Debug|Any CPU.Build.0 = Debug|Any CPU
		{A41999DC-B56B-48DC-8279-29BC0F631BD7}.Release|Any CPU.ActiveCfg = Release|Any CPU
		{A41999DC-B56B-48DC-8279-29BC0F631BD7}.Release|Any CPU.Build.0 = Release|Any CPU
	EndGlobalSection
	GlobalSection(SolutionProperties) = preSolution
		HideSolutionNode = FALSE
	EndGlobalSection
	GlobalSection(ExtensibilityGlobals) = postSolution
		SolutionGuid = {B90B12B7-E03F-4819-9AFF-AB91DA6F978F}
	EndGlobalSection
EndGlobal
